
Microsoft Visual Studio Solution File, Format Version 12.00
# Visual Studio Version 17
VisualStudioVersion = 17.14.37614.0
MinimumVisualStudioVersion = 10.0.40219.1
Project("{FAE04EC0-301F-11D3-BF4B-00C04F79EFBC}") = "eShop.Web", "eShop.Web\eShop.Web.csproj", "{1ADBC57B-4868-44C6-8ECA-DE04C8A5C2BA}"
EndProject
Project("{FAE04EC0-301F-11D3-BF4B-00C04F79EFBC}") = "eShop.CoreBusiness", "eShop.CoreBusiness\eShop.CoreBusiness.csproj", "{C6F3A28B-F196-6EFD-0EED-FF68F803F1A4}"
EndProject
Project("{FAE04EC0-301F-11D3-BF4B-00C04F79EFBC}") = "eShop.UseCases", "eShop.UseCases\eShop.UseCases.csproj", "{A201E914-04D2-7F54-1B3D-A47993F11E0B}"
EndProject
Project("{2150E333-8FDC-42A3-9474-1A3956D46DE8}") = "Plugins", "Plugins", "{02EA681E-C7D8-13C7-8484-4AC65E1B71E8}"
EndProject
Project("{FAE04EC0-301F-11D3-BF4B-00C04F79EFBC}") = "eShop.DataStore.HardCode", "Plugins\eShop.DataStore.HardCode\eShop.DataStore.HardCode.csproj", "{65F9B6D6-30B8-E3AF-DCBD-602D7301F04B}"
EndProject
Project("{2150E333-8FDC-42A3-9474-1A3956D46DE8}") = "eShop.Web.Modules", "eShop.Web.Modules", "{96673820-E51E-48EA-8C84-459A4E01C054}"
EndProject
Project("{FAE04EC0-301F-11D3-BF4B-00C04F79EFBC}") = "eShop.Web.Common", "eShop.Web.Modules\eShop.Web.Common\eShop.Web.Common.csproj", "{6BD4038E-EBCD-4D23-91B2-4D68C355F9C4}"
EndProject
Project("{FAE04EC0-301F-11D3-BF4B-00C04F79EFBC}") = "eShop.Web.AdminPortal", "eShop.Web.Modules\eShop.Web.AdminPortal\eShop.Web.AdminPortal.csproj", "{C46AE536-E771-4085-B220-F1BC47B926C1}"
EndProject
Project("{FAE04EC0-301F-11D3-BF4B-00C04F79EFBC}") = "eShop.Web.CustomerPortal", "eShop.Web.Modules\eShop.Web.CustomerPortal\eShop.Web.CustomerPortal.csproj", "{94E5AB0C-9B8B-485B-84B4-A1C041C015ED}"
EndProject
Project("{FAE04EC0-301F-11D3-BF4B-00C04F79EFBC}") = "eShop.ShoppingCartLocalStorage", "Plugins\eShop.ShoppingCartLocal\eShop.ShoppingCartLocalStorage.csproj", "{EA090351-EE45-4989-BA99-9D9D49ED10F1}"
EndProject
Project("{FAE04EC0-301F-11D3-BF4B-00C04F79EFBC}") = "eShop.StateStore.DI", "Plugins\eShop.StateStore.DI\eShop.StateStore.DI.csproj", "{6DDCB37D-890F-4DC5-A315-2EFAA65CB415}"
EndProject
Project("{FAE04EC0-301F-11D3-BF4B-00C04F79EFBC}") = "eShop.DataStore.SQL.Dapper", "Plugins\eShop.DataStore.SQL.Dapper\eShop.DataStore.SQL.Dapper.csproj", "{CBAE19A9-8057-4312-95FD-5E86090E6AB9}"
EndProject
Global
	GlobalSection(SolutionConfigurationPlatforms) = preSolution
		Debug|Any CPU = Debug|Any CPU
		Debug|x64 = Debug|x64
		Debug|x86 = Debug|x86
		Release|Any CPU = Release|Any CPU
		Release|x64 = Release|x64
		Release|x86 = Release|x86
	EndGlobalSection
	GlobalSection(ProjectConfigurationPlatforms) = postSolution
		{1ADBC57B-4868-44C6-8ECA-DE04C8A5C2BA}.Debug|Any CPU.ActiveCfg = Debug|Any CPU
		{1ADBC57B-4868-44C6-8ECA-DE04C8A5C2BA}.Debug|Any CPU.Build.0 = Debug|Any CPU
		{1ADBC57B-4868-44C6-8ECA-DE04C8A5C2BA}.Debug|x64.ActiveCfg = Debug|Any CPU
		{1ADBC57B-4868-44C6-8ECA-DE04C8A5C2BA}.Debug|x64.Build.0 = Debug|Any CPU
		{1ADBC57B-4868-44C6-8ECA-DE04C8A5C2BA}.Debug|x86.ActiveCfg = Debug|Any CPU
		{1ADBC57B-4868-44C6-8ECA-DE04C8A5C2BA}.Debug|x86.Build.0 = Debug|Any CPU
		{1ADBC57B-4868-44C6-8ECA-DE04C8A5C2BA}.Release|Any CPU.ActiveCfg = Release|Any CPU
		{1ADBC57B-4868-44C6-8ECA-DE04C8A5C2BA}.Release|Any CPU.Build.0 = Release|Any CPU
		{1ADBC57B-4868-44C6-8ECA-DE04C8A5C2BA}.Release|x64.ActiveCfg = Release|Any CPU
		{1ADBC57B-4868-44C6-8ECA-DE04C8A5C2BA}.Release|x64.Build.0 = Release|Any CPU
		{1ADBC57B-4868-44C6-8ECA-DE04C8A5C2BA}.Release|x86.ActiveCfg = Release|Any CPU
		{1ADBC57B-4868-44C6-8ECA-DE04C8A5C2BA}.Release|x86.Build.0 = Release|Any CPU
		{C6F3A28B-F196-6EFD-0EED-FF68F803F1A4}.Debug|Any CPU.ActiveCfg = Debug|Any CPU
		{C6F3A28B-F196-6EFD-0EED-FF68F803F1A4}.Debug|Any CPU.Build.0 = Debug|Any CPU
		{C6F3A28B-F196-6EFD-0EED-FF68F803F1A4}.Debug|x64.ActiveCfg = Debug|Any CPU
		{C6F3A28B-F196-6EFD-0EED-FF68F803F1A4}.Debug|x64.Build.0 = Debug|Any CPU
		{C6F3A28B-F196-6EFD-0EED-FF68F803F1A4}.Debug|x86.ActiveCfg = Debug|Any CPU
		{C6F3A28B-F196-6EFD-0EED-FF68F803F1A4}.Debug|x86.Build.0 = Debug|Any CPU
		{C6F3A28B-F196-6EFD-0EED-FF68F803F1A4}.Release|Any CPU.ActiveCfg = Release|Any CPU
		{C6F3A28B-F196-6EFD-0EED-FF68F803F1A4}.Release|Any CPU.Build.0 = Release|Any CPU
		{C6F3A28B-F196-6EFD-0EED-FF68F803F1A4}.Release|x64.ActiveCfg = Release|Any CPU
		{C6F3A28B-F196-6EFD-0EED-FF68F803F1A4}.Release|x64.Build.0 = Release|Any CPU
		{C6F3A28B-F196-6EFD-0EED-FF68F803F1A4}.Release|x86.ActiveCfg = Release|Any CPU
		{C6F3A28B-F196-6EFD-0EED-FF68F803F1A4}.Release|x86.Build.0 = Release|Any CPU
		{A201E914-04D2-7F54-1B3D-A47993F11E0B}.Debug|Any CPU.ActiveCfg = Debug|Any CPU
		{A201E914-04D2-7F54-1B3D-A47993F11E0B}.Debug|Any CPU.Build.0 = Debug|Any CPU
		{A201E914-04D2-7F54-1B3D-A47993F11E0B}.Debug|x64.ActiveCfg = Debug|Any CPU
		{A201E914-04D2-7F54-1B3D-A47993F11E0B}.Debug|x64.Build.0 = Debug|Any CPU
		{A201E914-04D2-7F54-1B3D-A47993F11E0B}.Debug|x86.ActiveCfg = Debug|Any CPU
		{A201E914-04D2-7F54-1B3D-A47993F11E0B}.Debug|x86.Build.0 = Debug|Any CPU
		{A201E914-04D2-7F54-1B3D-A47993F11E0B}.Release|Any CPU.ActiveCfg = Release|Any CPU
		{A201E914-04D2-7F54-1B3D-A47993F11E0B}.Release|Any CPU.Build.0 = Release|Any CPU
		{A201E914-04D2-7F54-1B3D-A47993F11E0B}.Release|x64.ActiveCfg = Release|Any CPU
		{A201E914-04D2-7F54-1B3D-A47993F11E0B}.Release|x64.Build.0 = Release|Any CPU
		{A201E914-04D2-7F54-1B3D-A47993F11E0B}.Release|x86.ActiveCfg = Release|Any CPU
		{A201E914-04D2-7F54-1B3D-A47993F11E0B}.Release|x86.Build.0 = Release|Any CPU
		{65F9B6D6-30B8-E3AF-DCBD-602D7301F04B}.Debug|Any CPU.ActiveCfg = Debug|Any CPU
		{65F9B6D6-30B8-E3AF-DCBD-602D7301F04B}.Debug|Any CPU.Build.0 = Debug|Any CPU
		{65F9B6D6-30B8-E3AF-DCBD-602D7301F04B}.Debug|x64.ActiveCfg = Debug|Any CPU
		{65F9B6D6-30B8-E3AF-DCBD-602D7301F04B}.Debug|x64.Build.0 = Debug|Any CPU
		{65F9B6D6-30B8-E3AF-DCBD-602D7301F04B}.Debug|x86.ActiveCfg = Debug|Any CPU
		{65F9B6D6-30B8-E3AF-DCBD-602D7301F04B}.Debug|x86.Build.0 = Debug|Any CPU
		{65F9B6D6-30B8-E3AF-DCBD-602D7301F04B}.Release|Any CPU.ActiveCfg = Release|Any CPU
		{65F9B6D6-30B8-E3AF-DCBD-602D7301F04B}.Release|Any CPU.Build.0 = Release|Any CPU
		{65F9B6D6-30B8-E3AF-DCBD-602D7301F04B}.Release|x64.ActiveCfg = Release|Any CPU
		{65F9B6D6-30B8-E3AF-DCBD-602D7301F04B}.Release|x64.Build.0 = Release|Any CPU
		{65F9B6D6-30B8-E3AF-DCBD-602D7301F04B}.Release|x86.ActiveCfg = Release|Any CPU
		{65F9B6D6-30B8-E3AF-DCBD-602D7301F04B}.Release|x86.Build.0 = Release|Any CPU
		{6BD4038E-EBCD-4D23-91B2-4D68C355F9C4}.Debug|Any CPU.ActiveCfg = Debug|Any CPU
		{6BD4038E-EBCD-4D23-91B2-4D68C355F9C4}.Debug|Any CPU.Build.0 = Debug|Any CPU
		{6BD4038E-EBCD-4D23-91B2-4D68C355F9C4}.Debug|x64.ActiveCfg = Debug|Any CPU
		{6BD4038E-EBCD-4D23-91B2-4D68C355F9C4}.Debug|x64.Build.0 = Debug|Any CPU
		{6BD4038E-EBCD-4D23-91B2-4D68C355F9C4}.Debug|x86.ActiveCfg = Debug|Any CPU
		{6BD4038E-EBCD-4D23-91B2-4D68C355F9C4}.Debug|x86.Build.0 = Debug|Any CPU
		{6BD4038E-EBCD-4D23-91B2-4D68C355F9C4}.Release|Any CPU.ActiveCfg = Release|Any CPU
		{6BD4038E-EBCD-4D23-91B2-4D68C355F9C4}.Release|Any CPU.Build.0 = Release|Any CPU
		{6BD4038E-EBCD-4D23-91B2-4D68C355F9C4}.Release|x64.ActiveCfg = Release|Any CPU
		{6BD4038E-EBCD-4D23-91B2-4D68C355F9C4}.Release|x64.Build.0 = Release|Any CPU
		{6BD4038E-EBCD-4D23-91B2-4D68C355F9C4}.Release|x86.ActiveCfg = Release|Any CPU
		{6BD4038E-EBCD-4D23-91B2-4D68C355F9C4}.Release|x86.Build.0 = Release|Any CPU
		{C46AE536-E771-4085-B220-F1BC47B926C1}.Debug|Any CPU.ActiveCfg = Debug|Any CPU
		{C46AE536-E771-4085-B220-F1BC47B926C1}.Debug|Any CPU.Build.0 = Debug|Any CPU
		{C46AE536-E771-4085-B220-F1BC47B926C1}.Debug|x64.ActiveCfg = Debug|Any CPU
		{C46AE536-E771-4085-B220-F1BC47B926C1}.Debug|x64.Build.0 = Debug|Any CPU
		{C46AE536-E771-4085-B220-F1BC47B926C1}.Debug|x86.ActiveCfg = Debug|Any CPU
		{C46AE536-E771-4085-B220-F1BC47B926C1}.Debug|x86.Build.0 = Debug|Any CPU
		{C46AE536-E771-4085-B220-F1BC47B926C1}.Release|Any CPU.ActiveCfg = Release|Any CPU
		{C46AE536-E771-4085-B220-F1BC47B926C1}.Release|Any CPU.Build.0 = Release|Any CPU
		{C46AE536-E771-4085-B220-F1BC47B926C1}.Release|x64.ActiveCfg = Release|Any CPU
		{C46AE536-E771-4085-B220-F1BC47B926C1}.Release|x64.Build.0 = Release|Any CPU
		{C46AE536-E771-4085-B220-F1BC47B926C1}.Release|x86.ActiveCfg = Release|Any CPU
		{C46AE536-E771-4085-B220-F1BC47B926C1}.Release|x86.Build.0 = Release|Any CPU
		{94E5AB0C-9B8B-485B-84B4-A1C041C015ED}.Debug|Any CPU.ActiveCfg = Debug|Any CPU
		{94E5AB0C-9B8B-485B-84B4-A1C041C015ED}.Debug|Any CPU.Build.0 = Debug|Any CPU
		{94E5AB0C-9B8B-485B-84B4-A1C041C015ED}.Debug|x64.ActiveCfg = Debug|Any CPU
		{94E5AB0C-9B8B-485B-84B4-A1C041C015ED}.Debug|x64.Build.0 = Debug|Any CPU
		{94E5AB0C-9B8B-485B-84B4-A1C041C015ED}.Debug|x86.ActiveCfg = Debug|Any CPU
		{94E5AB0C-9B8B-485B-84B4-A1C041C015ED}.Debug|x86.Build.0 = Debug|Any CPU
		{94E5AB0C-9B8B-485B-84B4-A1C041C015ED}.Release|Any CPU.ActiveCfg = Release|Any CPU
		{94E5AB0C-9B8B-485B-84B4-A1C041C015ED}.Release|Any CPU.Build.0 = Release|Any CPU
		{94E5AB0C-9B8B-485B-84B4-A1C041C015ED}.Release|x64.ActiveCfg = Release|Any CPU
		{94E5AB0C-9B8B-485B-84B4-A1C041C015ED}.Release|x64.Build.0 = Release|Any CPU
		{94E5AB0C-9B8B-485B-84B4-A1C041C015ED}.Release|x86.ActiveCfg = Release|Any CPU
		{94E5AB0C-9B8B-485B-84B4-A1C041C015ED}.Release|x86.Build.0 = Release|Any CPU
		{EA090351-EE45-4989-BA99-9D9D49ED10F1}.Debug|Any CPU.ActiveCfg = Debug|Any CPU
		{EA090351-EE45-4989-BA99-9D9D49ED10F1}.Debug|Any CPU.Build.0 = Debug|Any CPU
		{EA090351-EE45-4989-BA99-9D9D49ED10F1}.Debug|x64.ActiveCfg = Debug|Any CPU
		{EA090351-EE45-4989-BA99-9D9D49ED10F1}.Debug|x64.Build.0 = Debug|Any CPU
		{EA090351-EE45-4989-BA99-9D9D49ED10F1}.Debug|x86.ActiveCfg = Debug|Any CPU
		{EA090351-EE45-4989-BA99-9D9D49ED10F1}.Debug|x86.Build.0 = Debug|Any CPU
		{EA090351-EE45-4989-BA99-9D9D49ED10F1}.Release|Any CPU.ActiveCfg = Release|Any CPU
		{EA090351-EE45-4989-BA99-9D9D49ED10F1}.Release|Any CPU.Build.0 = Release|Any CPU
		{EA090351-EE45-4989-BA99-9D9D49ED10F1}.Release|x64.ActiveCfg = Release|Any CPU
		{EA090351-EE45-4989-BA99-9D9D49ED10F1}.Release|x64.Build.0 = Release|Any CPU
		{EA090351-EE45-4989-BA99-9D9D49ED10F1}.Release|x86.ActiveCfg = Release|Any CPU
		{EA090351-EE45-4989-BA99-9D9D49ED10F1}.Release|x86.Build.0 = Release|Any CPU
		{6DDCB37D-890F-4DC5-A315-2EFAA65CB415}.Debug|Any CPU.ActiveCfg = Debug|Any CPU
		{6DDCB37D-890F-4DC5-A315-2EFAA65CB415}.Debug|Any CPU.Build.0 = Debug|Any CPU
		{6DDCB37D-890F-4DC5-A315-2EFAA65CB415}.Debug|x64.ActiveCfg = Debug|Any CPU
		{6DDCB37D-890F-4DC5-A315-2EFAA65CB415}.Debug|x64.Build.0 = Debug|Any CPU
		{6DDCB37D-890F-4DC5-A315-2EFAA65CB415}.Debug|x86.ActiveCfg = Debug|Any CPU
		{6DDCB37D-890F-4DC5-A315-2EFAA65CB415}.Debug|x86.Build.0 = Debug|Any CPU
		{6DDCB37D-890F-4DC5-A315-2EFAA65CB415}.Release|Any CPU.ActiveCfg = Release|Any CPU
		{6DDCB37D-890F-4DC5-A315-2EFAA65CB415}.Release|Any CPU.Build.0 = Release|Any CPU
		{6DDCB37D-890F-4DC5-A315-2EFAA65CB415}.Release|x64.ActiveCfg = Release|Any CPU
		{6DDCB37D-890F-4DC5-A315-2EFAA65CB415}.Release|x64.Build.0 = Release|Any CPU
		{6DDCB37D-890F-4DC5-A315-2EFAA65CB415}.Release|x86.ActiveCfg = Release|Any CPU
		{6DDCB37D-890F-4DC5-A315-2EFAA65CB415}.Release|x86.Build.0 = Release|Any CPU
		{CBAE19A9-8057-4312-95FD-5E86090E6AB9}.Debug|Any CPU.ActiveCfg = Debug|Any CPU
		{CBAE19A9-8057-4312-95FD-5E86090E6AB9}.Debug|Any CPU.Build.0 = Debug|Any CPU
		{CBAE19A9-8057-4312-95FD-5E86090E6AB9}.Debug|x64.ActiveCfg = Debug|Any CPU
		{CBAE19A9-8057-4312-95FD-5E86090E6AB9}.Debug|x64.Build.0 = Debug|Any CPU
		{CBAE19A9-8057-4312-95FD-5E86090E6AB9}.Debug|x86.ActiveCfg = Debug|Any CPU
		{CBAE19A9-8057-4312-95FD-5E86090E6AB9}.Debug|x86.Build.0 = Debug|Any CPU
		{CBAE19A9-8057-4312-95FD-5E86090E6AB9}.Release|Any CPU.ActiveCfg = Release|Any CPU
		{CBAE19A9-8057-4312-95FD-5E86090E6AB9}.Release|Any CPU.Build.0 = Release|Any CPU
		{CBAE19A9-8057-4312-95FD-5E86090E6AB9}.Release|x64.ActiveCfg = Release|Any CPU
		{CBAE19A9-8057-4312-95FD-5E86090E6AB9}.Release|x64.Build.0 = Release|Any CPU
		{CBAE19A9-8057-4312-95FD-5E86090E6AB9}.Release|x86.ActiveCfg = Release|Any CPU
		{CBAE19A9-8057-4312-95FD-5E86090E6AB9}.Release|x86.Build.0 = Release|Any CPU
	EndGlobalSection
	GlobalSection(SolutionProperties) = preSolution
		HideSolutionNode = FALSE
	EndGlobalSection
	GlobalSection(NestedProjects) = preSolution
		{65F9B6D6-30B8-E3AF-DCBD-602D7301F04B} = {02EA681E-C7D8-13C7-8484-4AC65E1B71E8}
		{6BD4038E-EBCD-4D23-91B2-4D68C355F9C4} = {96673820-E51E-48EA-8C84-459A4E01C054}
		{C46AE536-E771-4085-B220-F1BC47B926C1} = {96673820-E51E-48EA-8C84-459A4E01C054}
		{94E5AB0C-9B8B-485B-84B4-A1C041C015ED} = {96673820-E51E-48EA-8C84-459A4E01C054}
		{EA090351-EE45-4989-BA99-9D9D49ED10F1} = {02EA681E-C7D8-13C7-8484-4AC65E1B71E8}
		{6DDCB37D-890F-4DC5-A315-2EFAA65CB415} = {02EA681E-C7D8-13C7-8484-4AC65E1B71E8}
		{CBAE19A9-8057-4312-95FD-5E86090E6AB9} = {02EA681E-C7D8-13C7-8484-4AC65E1B71E8}
	EndGlobalSection
	GlobalSection(ExtensibilityGlobals) = postSolution
		SolutionGuid = {E995722C-4854-4E8B-B8D3-BA80D96580C7}
	EndGlobalSection
EndGlobal
